
Microsoft Visual Studio Solution File, Format Version 12.00
# Visual Studio 15
VisualStudioVersion = 15.0.27130.2027
MinimumVisualStudioVersion = 10.0.40219.1
Project("{2150E333-8FDC-42A3-9474-1A3956D46DE8}") = "Solution Items", "Solution Items", "{13DF461F-49CC-4975-B47D-5A4CFB498125}"
	ProjectSection(SolutionItems) = preProject
		SolutionScript.js = SolutionScript.js
	EndProjectSection
EndProject
Global
	GlobalSection(SolutionProperties) = preSolution
		HideSolutionNode = FALSE
	EndGlobalSection
	GlobalSection(ExtensibilityGlobals) = postSolution
		SolutionGuid = {8AFE5E54-F3CB-43C6-827B-9D220680192B}
	EndGlobalSection
EndGlobal
